
Microsoft Visual Studio Solution File, Format Version 12.00
# Visual Studio Version 17
VisualStudioVersion = 17.14.37216.2 d17.14
MinimumVisualStudioVersion = 10.0.40219.1
Project("{FAE04EC0-301F-11D3-BF4B-00C04F79EFBC}") = "HelloWorldProject", "HelloWorldProject.csproj", "{95A326B0-63FA-4DF5-8957-4D163C977E5C}"
EndProject
Global
	GlobalSection(SolutionConfigurationPlatforms) = preSolution
		Debug|Any CPU = Debug|Any CPU
		Release|Any CPU = Release|Any CPU
	EndGlobalSection
	GlobalSection(ProjectConfigurationPlatforms) = postSolution
		{95A326B0-63FA-4DF5-8957-4D163C977E5C}.Debug|Any CPU.ActiveCfg = Debug|Any CPU
		{95A326B0-63FA-4DF5-8957-4D163C977E5C}.Debug|Any CPU.Build.0 = Debug|Any CPU
		{95A326B0-63FA-4DF5-8957-4D163C977E5C}.Release|Any CPU.ActiveCfg = Release|Any CPU
		{95A326B0-63FA-4DF5-8957-4D163C977E5C}.Release|Any CPU.Build.0 = Release|Any CPU
	EndGlobalSection
	GlobalSection(SolutionProperties) = preSolution
		HideSolutionNode = FALSE
	EndGlobalSection
	GlobalSection(ExtensibilityGlobals) = postSolution
		SolutionGuid = {4996EA4C-CCC9-4E28-B106-5354AAE266C5}
	EndGlobalSection
EndGlobal
